
Microsoft Visual Studio Solution File, Format Version 12.00
# Visual Studio 15
VisualStudioVersion = 15.0.28010.2050
MinimumVisualStudioVersion = 10.0.40219.1
Project("{FAE04EC0-301F-11D3-BF4B-00C04F79EFBC}") = "WebApplication1", "WebApplication1\WebApplication1.csproj", "{1E39B363-1FCC-49B1-A807-435E031B6F5F}"
EndProject
Global
	GlobalSection(SolutionConfigurationPlatforms) = preSolution
		Debug|Any CPU = Debug|Any CPU
		Release|Any CPU = Release|Any CPU
	EndGlobalSection
	GlobalSection(ProjectConfigurationPlatforms) = postSolution
		{1E39B363-1FCC-49B1-A807-435E031B6F5F}.Debug|Any CPU.ActiveCfg = Debug|Any CPU
		{1E39B363-1FCC-49B1-A807-435E031B6F5F}.Debug|Any CPU.Build.0 = Debug|Any CPU
		{1E39B363-1FCC-49B1-A807-435E031B6F5F}.Release|Any CPU.ActiveCfg = Release|Any CPU
		{1E39B363-1FCC-49B1-A807-435E031B6F5F}.Release|Any CPU.Build.0 = Release|Any CPU
	EndGlobalSection
	GlobalSection(SolutionProperties) = preSolution
		HideSolutionNode = FALSE
	EndGlobalSection
	GlobalSection(ExtensibilityGlobals) = postSolution
		SolutionGuid = {F7BD25FB-A95D-4932-9B29-06F35CD0B13F}
	EndGlobalSection
EndGlobal
